
Microsoft Visual Studio Solution File, Format Version 12.00
# Visual Studio Version 17
VisualStudioVersion = 17.7.34031.279
MinimumVisualStudioVersion = 10.0.40219.1
Project("{8BC9CEB8-8B4A-11D0-8D11-00A0C91BC942}") = "CV11-2", "CV11-2\CV11-2.vcxproj", "{1D2B2AC4-5EEC-4053-B1D4-B14EB137A2CD}"
EndProject
Global
	GlobalSection(SolutionConfigurationPlatforms) = preSolution
		Debug|x64 = Debug|x64
		Debug|x86 = Debug|x86
		Release|x64 = Release|x64
		Release|x86 = Release|x86
	EndGlobalSection
	GlobalSection(ProjectConfigurationPlatforms) = postSolution
		{1D2B2AC4-5EEC-4053-B1D4-B14EB137A2CD}.Debug|x64.ActiveCfg = Debug|x64
		{1D2B2AC4-5EEC-4053-B1D4-B14EB137A2CD}.Debug|x64.Build.0 = Debug|x64
		{1D2B2AC4-5EEC-4053-B1D4-B14EB137A2CD}.Debug|x86.ActiveCfg = Debug|Win32
		{1D2B2AC4-5EEC-4053-B1D4-B14EB137A2CD}.Debug|x86.Build.0 = Debug|Win32
		{1D2B2AC4-5EEC-4053-B1D4-B14EB137A2CD}.Release|x64.ActiveCfg = Release|x64
		{1D2B2AC4-5EEC-4053-B1D4-B14EB137A2CD}.Release|x64.Build.0 = Release|x64
		{1D2B2AC4-5EEC-4053-B1D4-B14EB137A2CD}.Release|x86.ActiveCfg = Release|Win32
		{1D2B2AC4-5EEC-4053-B1D4-B14EB137A2CD}.Release|x86.Build.0 = Release|Win32
	EndGlobalSection
	GlobalSection(SolutionProperties) = preSolution
		HideSolutionNode = FALSE
	EndGlobalSection
	GlobalSection(ExtensibilityGlobals) = postSolution
		SolutionGuid = {3EE1F2A1-E6C7-4E12-AA22-B9E78AE812CA}
	EndGlobalSection
EndGlobal
